// !$*UTF8*$!
{
	archiveVersion = 1;
	classes = {
	};
	objectVersion = 56;
	objects = {

/* Begin PBXBuildFile section */
		890D1B93298FCC6C00F6B613 /* ColorsMenu.swift in Sources */ = {isa = PBXBuildFile; fileRef = 890D1B92298FCC6C00F6B613 /* ColorsMenu.swift */; };
		891B77B4299406F80053864F /* NumPadView.swift in Sources */ = {isa = PBXBuildFile; fileRef = 891B77B3299406F80053864F /* NumPadView.swift */; };
		891B77B729941F390053864F /* SwiftUICharts in Frameworks */ = {isa = PBXBuildFile; productRef = 891B77B629941F390053864F /* SwiftUICharts */; };
		891B77B92994224F0053864F /* ChartView.swift in Sources */ = {isa = PBXBuildFile; fileRef = 891B77B82994224F0053864F /* ChartView.swift */; };
		8976ED8729927D8900850484 /* WelcomePage.swift in Sources */ = {isa = PBXBuildFile; fileRef = 8976ED8629927D8900850484 /* WelcomePage.swift */; };
		8976ED892992C80A00850484 /* SideView.swift in Sources */ = {isa = PBXBuildFile; fileRef = 8976ED882992C80A00850484 /* SideView.swift */; };
		89795A8C2991334B00313BE2 /* HomeView.swift in Sources */ = {isa = PBXBuildFile; fileRef = 89795A8B2991334B00313BE2 /* HomeView.swift */; };
		89795A9229918CCF00313BE2 /* AddButtonView.swift in Sources */ = {isa = PBXBuildFile; fileRef = 89795A9129918CCF00313BE2 /* AddButtonView.swift */; };
		897D48B3298E6AE40095547B /* Collections in Frameworks */ = {isa = PBXBuildFile; productRef = 897D48B2298E6AE40095547B /* Collections */; };
		897D48B5298E84550095547B /* MainCard.swift in Sources */ = {isa = PBXBuildFile; fileRef = 897D48B4298E84550095547B /* MainCard.swift */; };
		898F6A63298A79160041CFA6 /* OwnExpensesApp.swift in Sources */ = {isa = PBXBuildFile; fileRef = 898F6A62298A79160041CFA6 /* OwnExpensesApp.swift */; };
		898F6A65298A79160041CFA6 /* ContentView.swift in Sources */ = {isa = PBXBuildFile; fileRef = 898F6A64298A79160041CFA6 /* ContentView.swift */; };
		898F6A6A298A79180041CFA6 /* Preview Assets.xcassets in Resources */ = {isa = PBXBuildFile; fileRef = 898F6A69298A79180041CFA6 /* Preview Assets.xcassets */; };
		898F6A75298A7AA90041CFA6 /* SwiftUIFontIcon in Frameworks */ = {isa = PBXBuildFile; productRef = 898F6A74298A7AA90041CFA6 /* SwiftUIFontIcon */; };
		898F6A7A298A7B680041CFA6 /* TransactionModel.swift in Sources */ = {isa = PBXBuildFile; fileRef = 898F6A79298A7B680041CFA6 /* TransactionModel.swift */; };
		898F6A7C298A8EDB0041CFA6 /* TransactionViewModel.swift in Sources */ = {isa = PBXBuildFile; fileRef = 898F6A7B298A8EDB0041CFA6 /* TransactionViewModel.swift */; };
		898F6A7E298A91520041CFA6 /* TransactionRow.swift in Sources */ = {isa = PBXBuildFile; fileRef = 898F6A7D298A91520041CFA6 /* TransactionRow.swift */; };
		898F6A82298A94BD0041CFA6 /* Extensions.swift in Sources */ = {isa = PBXBuildFile; fileRef = 898F6A81298A94BD0041CFA6 /* Extensions.swift */; };
		898F6A84298ABCDE0041CFA6 /* RecentTransactionListView.swift in Sources */ = {isa = PBXBuildFile; fileRef = 898F6A83298ABCDE0041CFA6 /* RecentTransactionListView.swift */; };
		898F6A87298ABFAE0041CFA6 /* TransactionListView.swift in Sources */ = {isa = PBXBuildFile; fileRef = 898F6A86298ABFAE0041CFA6 /* TransactionListView.swift */; };
		898F6A8F298AF02B0041CFA6 /* AddView.swift in Sources */ = {isa = PBXBuildFile; fileRef = 898F6A8E298AF02B0041CFA6 /* AddView.swift */; };
		89ACE0EC2A546014006E54F9 /* Assets.xcassets in Resources */ = {isa = PBXBuildFile; fileRef = 89ACE0EB2A546014006E54F9 /* Assets.xcassets */; };
		89B3260C299529F30086D421 /* SplashView.swift in Sources */ = {isa = PBXBuildFile; fileRef = 89B3260B299529F30086D421 /* SplashView.swift */; };
/* End PBXBuildFile section */

/* Begin PBXFileReference section */
		890D1B92298FCC6C00F6B613 /* ColorsMenu.swift */ = {isa = PBXFileReference; lastKnownFileType = sourcecode.swift; path = ColorsMenu.swift; sourceTree = "<group>"; };
		891B77B3299406F80053864F /* NumPadView.swift */ = {isa = PBXFileReference; lastKnownFileType = sourcecode.swift; path = NumPadView.swift; sourceTree = "<group>"; };
		891B77B82994224F0053864F /* ChartView.swift */ = {isa = PBXFileReference; lastKnownFileType = sourcecode.swift; path = ChartView.swift; sourceTree = "<group>"; };
		8976ED8629927D8900850484 /* WelcomePage.swift */ = {isa = PBXFileReference; lastKnownFileType = sourcecode.swift; path = WelcomePage.swift; sourceTree = "<group>"; };
		8976ED882992C80A00850484 /* SideView.swift */ = {isa = PBXFileReference; lastKnownFileType = sourcecode.swift; path = SideView.swift; sourceTree = "<group>"; };
		89795A8B2991334B00313BE2 /* HomeView.swift */ = {isa = PBXFileReference; lastKnownFileType = sourcecode.swift; path = HomeView.swift; sourceTree = "<group>"; };
		89795A9129918CCF00313BE2 /* AddButtonView.swift */ = {isa = PBXFileReference; lastKnownFileType = sourcecode.swift; path = AddButtonView.swift; sourceTree = "<group>"; };
		897D48B4298E84550095547B /* MainCard.swift */ = {isa = PBXFileReference; lastKnownFileType = sourcecode.swift; path = MainCard.swift; sourceTree = "<group>"; };
		898F6A5F298A79160041CFA6 /* OwnExpenses.app */ = {isa = PBXFileReference; explicitFileType = wrapper.application; includeInIndex = 0; path = OwnExpenses.app; sourceTree = BUILT_PRODUCTS_DIR; };
		898F6A62298A79160041CFA6 /* OwnExpensesApp.swift */ = {isa = PBXFileReference; lastKnownFileType = sourcecode.swift; path = OwnExpensesApp.swift; sourceTree = "<group>"; };
		898F6A64298A79160041CFA6 /* ContentView.swift */ = {isa = PBXFileReference; lastKnownFileType = sourcecode.swift; path = ContentView.swift; sourceTree = "<group>"; };
		898F6A69298A79180041CFA6 /* Preview Assets.xcassets */ = {isa = PBXFileReference; lastKnownFileType = folder.assetcatalog; path = "Preview Assets.xcassets"; sourceTree = "<group>"; };
		898F6A79298A7B680041CFA6 /* TransactionModel.swift */ = {isa = PBXFileReference; lastKnownFileType = sourcecode.swift; path = TransactionModel.swift; sourceTree = "<group>"; };
		898F6A7B298A8EDB0041CFA6 /* TransactionViewModel.swift */ = {isa = PBXFileReference; lastKnownFileType = sourcecode.swift; path = TransactionViewModel.swift; sourceTree = "<group>"; };
		898F6A7D298A91520041CFA6 /* TransactionRow.swift */ = {isa = PBXFileReference; lastKnownFileType = sourcecode.swift; path = TransactionRow.swift; sourceTree = "<group>"; };
		898F6A81298A94BD0041CFA6 /* Extensions.swift */ = {isa = PBXFileReference; lastKnownFileType = sourcecode.swift; path = Extensions.swift; sourceTree = "<group>"; };
		898F6A83298ABCDE0041CFA6 /* RecentTransactionListView.swift */ = {isa = PBXFileReference; lastKnownFileType = sourcecode.swift; path = RecentTransactionListView.swift; sourceTree = "<group>"; };
		898F6A86298ABFAE0041CFA6 /* TransactionListView.swift */ = {isa = PBXFileReference; lastKnownFileType = sourcecode.swift; path = TransactionListView.swift; sourceTree = "<group>"; };
		898F6A8E298AF02B0041CFA6 /* AddView.swift */ = {isa = PBXFileReference; lastKnownFileType = sourcecode.swift; path = AddView.swift; sourceTree = "<group>"; };
		89ACE0EB2A546014006E54F9 /* Assets.xcassets */ = {isa = PBXFileReference; lastKnownFileType = folder.assetcatalog; path = Assets.xcassets; sourceTree = "<group>"; };
		89B3260B299529F30086D421 /* SplashView.swift */ = {isa = PBXFileReference; lastKnownFileType = sourcecode.swift; path = SplashView.swift; sourceTree = "<group>"; };
/* End PBXFileReference section */

/* Begin PBXFrameworksBuildPhase section */
		898F6A5C298A79160041CFA6 /* Frameworks */ = {
			isa = PBXFrameworksBuildPhase;
			buildActionMask = 2147483647;
			files = (
				891B77B729941F390053864F /* SwiftUICharts in Frameworks */,
				897D48B3298E6AE40095547B /* Collections in Frameworks */,
				898F6A75298A7AA90041CFA6 /* SwiftUIFontIcon in Frameworks */,
			);
			runOnlyForDeploymentPostprocessing = 0;
		};
/* End PBXFrameworksBuildPhase section */

/* Begin PBXGroup section */
		898F6A56298A79160041CFA6 = {
			isa = PBXGroup;
			children = (
				898F6A61298A79160041CFA6 /* OwnExpenses */,
				898F6A60298A79160041CFA6 /* Products */,
			);
			sourceTree = "<group>";
		};
		898F6A60298A79160041CFA6 /* Products */ = {
			isa = PBXGroup;
			children = (
				898F6A5F298A79160041CFA6 /* OwnExpenses.app */,
			);
			name = Products;
			sourceTree = "<group>";
		};
		898F6A61298A79160041CFA6 /* OwnExpenses */ = {
			isa = PBXGroup;
			children = (
				898F6A77298A7AB90041CFA6 /* View Model */,
				898F6A78298A7AC20041CFA6 /* Model */,
				898F6A76298A7AB20041CFA6 /* View */,
				898F6A62298A79160041CFA6 /* OwnExpensesApp.swift */,
				898F6A64298A79160041CFA6 /* ContentView.swift */,
				89ACE0EB2A546014006E54F9 /* Assets.xcassets */,
				898F6A68298A79180041CFA6 /* Preview Content */,
				898F6A81298A94BD0041CFA6 /* Extensions.swift */,
			);
			path = OwnExpenses;
			sourceTree = "<group>";
		};
		898F6A68298A79180041CFA6 /* Preview Content */ = {
			isa = PBXGroup;
			children = (
				898F6A69298A79180041CFA6 /* Preview Assets.xcassets */,
			);
			path = "Preview Content";
			sourceTree = "<group>";
		};
		898F6A76298A7AB20041CFA6 /* View */ = {
			isa = PBXGroup;
			children = (
				89B3260B299529F30086D421 /* SplashView.swift */,
				898F6A86298ABFAE0041CFA6 /* TransactionListView.swift */,
				898F6A8E298AF02B0041CFA6 /* AddView.swift */,
				89795A8B2991334B00313BE2 /* HomeView.swift */,
				8976ED8629927D8900850484 /* WelcomePage.swift */,
				8976ED882992C80A00850484 /* SideView.swift */,
				898F6A85298ABF7D0041CFA6 /* Components */,
			);
			path = View;
			sourceTree = "<group>";
		};
		898F6A77298A7AB90041CFA6 /* View Model */ = {
			isa = PBXGroup;
			children = (
				898F6A7B298A8EDB0041CFA6 /* TransactionViewModel.swift */,
			);
			path = "View Model";
			sourceTree = "<group>";
		};
		898F6A78298A7AC20041CFA6 /* Model */ = {
			isa = PBXGroup;
			children = (
				898F6A79298A7B680041CFA6 /* TransactionModel.swift */,
			);
			path = Model;
			sourceTree = "<group>";
		};
		898F6A85298ABF7D0041CFA6 /* Components */ = {
			isa = PBXGroup;
			children = (
				891B77B82994224F0053864F /* ChartView.swift */,
				890D1B92298FCC6C00F6B613 /* ColorsMenu.swift */,
				898F6A83298ABCDE0041CFA6 /* RecentTransactionListView.swift */,
				898F6A7D298A91520041CFA6 /* TransactionRow.swift */,
				897D48B4298E84550095547B /* MainCard.swift */,
				89795A9129918CCF00313BE2 /* AddButtonView.swift */,
				891B77B3299406F80053864F /* NumPadView.swift */,
			);
			path = Components;
			sourceTree = "<group>";
		};
/* End PBXGroup section */

/* Begin PBXNativeTarget section */
		898F6A5E298A79160041CFA6 /* OwnExpenses */ = {
			isa = PBXNativeTarget;
			buildConfigurationList = 898F6A6D298A79180041CFA6 /* Build configuration list for PBXNativeTarget "OwnExpenses" */;
			buildPhases = (
				898F6A5B298A79160041CFA6 /* Sources */,
				898F6A5C298A79160041CFA6 /* Frameworks */,
				898F6A5D298A79160041CFA6 /* Resources */,
			);
			buildRules = (
			);
			dependencies = (
			);
			name = OwnExpenses;
			packageProductDependencies = (
				898F6A74298A7AA90041CFA6 /* SwiftUIFontIcon */,
				897D48B2298E6AE40095547B /* Collections */,
				891B77B629941F390053864F /* SwiftUICharts */,
			);
			productName = OwnExpenses;
			productReference = 898F6A5F298A79160041CFA6 /* OwnExpenses.app */;
			productType = "com.apple.product-type.application";
		};
/* End PBXNativeTarget section */

/* Begin PBXProject section */
		898F6A57298A79160041CFA6 /* Project object */ = {
			isa = PBXProject;
			attributes = {
				BuildIndependentTargetsInParallel = 1;
				LastSwiftUpdateCheck = 1420;
				LastUpgradeCheck = 1420;
				TargetAttributes = {
					898F6A5E298A79160041CFA6 = {
						CreatedOnToolsVersion = 14.2;
					};
				};
			};
			buildConfigurationList = 898F6A5A298A79160041CFA6 /* Build configuration list for PBXProject "OwnExpenses" */;
			compatibilityVersion = "Xcode 14.0";
			developmentRegion = en;
			hasScannedForEncodings = 0;
			knownRegions = (
				en,
				Base,
			);
			mainGroup = 898F6A56298A79160041CFA6;
			packageReferences = (
				898F6A73298A7AA90041CFA6 /* XCRemoteSwiftPackageReference "SwiftUIFontIcon" */,
				897D48B1298E6AE40095547B /* XCRemoteSwiftPackageReference "swift-collections" */,
				891B77B529941F390053864F /* XCRemoteSwiftPackageReference "ChartView" */,
			);
			productRefGroup = 898F6A60298A79160041CFA6 /* Products */;
			projectDirPath = "";
			projectRoot = "";
			targets = (
				898F6A5E298A79160041CFA6 /* OwnExpenses */,
			);
		};
/* End PBXProject section */

/* Begin PBXResourcesBuildPhase section */
		898F6A5D298A79160041CFA6 /* Resources */ = {
			isa = PBXResourcesBuildPhase;
			buildActionMask = 2147483647;
			files = (
				89ACE0EC2A546014006E54F9 /* Assets.xcassets in Resources */,
				898F6A6A298A79180041CFA6 /* Preview Assets.xcassets in Resources */,
			);
			runOnlyForDeploymentPostprocessing = 0;
		};
/* End PBXResourcesBuildPhase section */

/* Begin PBXSourcesBuildPhase section */
		898F6A5B298A79160041CFA6 /* Sources */ = {
			isa = PBXSourcesBuildPhase;
			buildActionMask = 2147483647;
			files = (
				8976ED8729927D8900850484 /* WelcomePage.swift in Sources */,
				890D1B93298FCC6C00F6B613 /* ColorsMenu.swift in Sources */,
				898F6A7E298A91520041CFA6 /* TransactionRow.swift in Sources */,
				89795A8C2991334B00313BE2 /* HomeView.swift in Sources */,
				898F6A87298ABFAE0041CFA6 /* TransactionListView.swift in Sources */,
				891B77B92994224F0053864F /* ChartView.swift in Sources */,
				898F6A84298ABCDE0041CFA6 /* RecentTransactionListView.swift in Sources */,
				898F6A7A298A7B680041CFA6 /* TransactionModel.swift in Sources */,
				898F6A8F298AF02B0041CFA6 /* AddView.swift in Sources */,
				8976ED892992C80A00850484 /* SideView.swift in Sources */,
				891B77B4299406F80053864F /* NumPadView.swift in Sources */,
				898F6A65298A79160041CFA6 /* ContentView.swift in Sources */,
				89B3260C299529F30086D421 /* SplashView.swift in Sources */,
				898F6A63298A79160041CFA6 /* OwnExpensesApp.swift in Sources */,
				898F6A7C298A8EDB0041CFA6 /* TransactionViewModel.swift in Sources */,
				897D48B5298E84550095547B /* MainCard.swift in Sources */,
				89795A9229918CCF00313BE2 /* AddButtonView.swift in Sources */,
				898F6A82298A94BD0041CFA6 /* Extensions.swift in Sources */,
			);
			runOnlyForDeploymentPostprocessing = 0;
		};
/* End PBXSourcesBuildPhase section */

/* Begin XCBuildConfiguration section */
		898F6A6B298A79180041CFA6 /* Debug */ = {
			isa = XCBuildConfiguration;
			buildSettings = {
				ALWAYS_SEARCH_USER_PATHS = NO;
				CLANG_ANALYZER_NONNULL = YES;
				CLANG_ANALYZER_NUMBER_OBJECT_CONVERSION = YES_AGGRESSIVE;
				CLANG_CXX_LANGUAGE_STANDARD = "gnu++20";
				CLANG_ENABLE_MODULES = YES;
				CLANG_ENABLE_OBJC_ARC = YES;
				CLANG_ENABLE_OBJC_WEAK = YES;
				CLANG_WARN_BLOCK_CAPTURE_AUTORELEASING = YES;
				CLANG_WARN_BOOL_CONVERSION = YES;
				CLANG_WARN_COMMA = YES;
				CLANG_WARN_CONSTANT_CONVERSION = YES;
				CLANG_WARN_DEPRECATED_OBJC_IMPLEMENTATIONS = YES;
				CLANG_WARN_DIRECT_OBJC_ISA_USAGE = YES_ERROR;
				CLANG_WARN_DOCUMENTATION_COMMENTS = YES;
				CLANG_WARN_EMPTY_BODY = YES;
				CLANG_WARN_ENUM_CONVERSION = YES;
				CLANG_WARN_INFINITE_RECURSION = YES;
				CLANG_WARN_INT_CONVERSION = YES;
				CLANG_WARN_NON_LITERAL_NULL_CONVERSION = YES;
				CLANG_WARN_OBJC_IMPLICIT_RETAIN_SELF = YES;
				CLANG_WARN_OBJC_LITERAL_CONVERSION = YES;
				CLANG_WARN_OBJC_ROOT_CLASS = YES_ERROR;
				CLANG_WARN_QUOTED_INCLUDE_IN_FRAMEWORK_HEADER = YES;
				CLANG_WARN_RANGE_LOOP_ANALYSIS = YES;
				CLANG_WARN_STRICT_PROTOTYPES = YES;
				CLANG_WARN_SUSPICIOUS_MOVE = YES;
				CLANG_WARN_UNGUARDED_AVAILABILITY = YES_AGGRESSIVE;
				CLANG_WARN_UNREACHABLE_CODE = YES;
				CLANG_WARN__DUPLICATE_METHOD_MATCH = YES;
				COPY_PHASE_STRIP = NO;
				DEBUG_INFORMATION_FORMAT = dwarf;
				ENABLE_STRICT_OBJC_MSGSEND = YES;
				ENABLE_TESTABILITY = YES;
				GCC_C_LANGUAGE_STANDARD = gnu11;
				GCC_DYNAMIC_NO_PIC = NO;
				GCC_NO_COMMON_BLOCKS = YES;
				GCC_OPTIMIZATION_LEVEL = 0;
				GCC_PREPROCESSOR_DEFINITIONS = (
					"DEBUG=1",
					"$(inherited)",
				);
				GCC_WARN_64_TO_32_BIT_CONVERSION = YES;
				GCC_WARN_ABOUT_RETURN_TYPE = YES_ERROR;
				GCC_WARN_UNDECLARED_SELECTOR = YES;
				GCC_WARN_UNINITIALIZED_AUTOS = YES_AGGRESSIVE;
				GCC_WARN_UNUSED_FUNCTION = YES;
				GCC_WARN_UNUSED_VARIABLE = YES;
				IPHONEOS_DEPLOYMENT_TARGET = 16.2;
				MTL_ENABLE_DEBUG_INFO = INCLUDE_SOURCE;
				MTL_FAST_MATH = YES;
				ONLY_ACTIVE_ARCH = YES;
				SDKROOT = iphoneos;
				SWIFT_ACTIVE_COMPILATION_CONDITIONS = DEBUG;
				SWIFT_OPTIMIZATION_LEVEL = "-Onone";
			};
			name = Debug;
		};
		898F6A6C298A79180041CFA6 /* Release */ = {
			isa = XCBuildConfiguration;
			buildSettings = {
				ALWAYS_SEARCH_USER_PATHS = NO;
				CLANG_ANALYZER_NONNULL = YES;
				CLANG_ANALYZER_NUMBER_OBJECT_CONVERSION = YES_AGGRESSIVE;
				CLANG_CXX_LANGUAGE_STANDARD = "gnu++20";
				CLANG_ENABLE_MODULES = YES;
				CLANG_ENABLE_OBJC_ARC = YES;
				CLANG_ENABLE_OBJC_WEAK = YES;
				CLANG_WARN_BLOCK_CAPTURE_AUTORELEASING = YES;
				CLANG_WARN_BOOL_CONVERSION = YES;
				CLANG_WARN_COMMA = YES;
				CLANG_WARN_CONSTANT_CONVERSION = YES;
				CLANG_WARN_DEPRECATED_OBJC_IMPLEMENTATIONS = YES;
				CLANG_WARN_DIRECT_OBJC_ISA_USAGE = YES_ERROR;
				CLANG_WARN_DOCUMENTATION_COMMENTS = YES;
				CLANG_WARN_EMPTY_BODY = YES;
				CLANG_WARN_ENUM_CONVERSION = YES;
				CLANG_WARN_INFINITE_RECURSION = YES;
				CLANG_WARN_INT_CONVERSION = YES;
				CLANG_WARN_NON_LITERAL_NULL_CONVERSION = YES;
				CLANG_WARN_OBJC_IMPLICIT_RETAIN_SELF = YES;
				CLANG_WARN_OBJC_LITERAL_CONVERSION = YES;
				CLANG_WARN_OBJC_ROOT_CLASS = YES_ERROR;
				CLANG_WARN_QUOTED_INCLUDE_IN_FRAMEWORK_HEADER = YES;
				CLANG_WARN_RANGE_LOOP_ANALYSIS = YES;
				CLANG_WARN_STRICT_PROTOTYPES = YES;
				CLANG_WARN_SUSPICIOUS_MOVE = YES;
				CLANG_WARN_UNGUARDED_AVAILABILITY = YES_AGGRESSIVE;
				CLANG_WARN_UNREACHABLE_CODE = YES;
				CLANG_WARN__DUPLICATE_METHOD_MATCH = YES;
				COPY_PHASE_STRIP = NO;
				DEBUG_INFORMATION_FORMAT = "dwarf-with-dsym";
				ENABLE_NS_ASSERTIONS = NO;
				ENABLE_STRICT_OBJC_MSGSEND = YES;
				GCC_C_LANGUAGE_STANDARD = gnu11;
				GCC_NO_COMMON_BLOCKS = YES;
				GCC_WARN_64_TO_32_BIT_CONVERSION = YES;
				GCC_WARN_ABOUT_RETURN_TYPE = YES_ERROR;
				GCC_WARN_UNDECLARED_SELECTOR = YES;
				GCC_WARN_UNINITIALIZED_AUTOS = YES_AGGRESSIVE;
				GCC_WARN_UNUSED_FUNCTION = YES;
				GCC_WARN_UNUSED_VARIABLE = YES;
				IPHONEOS_DEPLOYMENT_TARGET = 16.2;
				MTL_ENABLE_DEBUG_INFO = NO;
				MTL_FAST_MATH = YES;
				SDKROOT = iphoneos;
				SWIFT_COMPILATION_MODE = wholemodule;
				SWIFT_OPTIMIZATION_LEVEL = "-O";
				VALIDATE_PRODUCT = YES;
			};
			name = Release;
		};
		898F6A6E298A79180041CFA6 /* Debug */ = {
			isa = XCBuildConfiguration;
			buildSettings = {
				ASSETCATALOG_COMPILER_APPICON_NAME = AppIcon;
				ASSETCATALOG_COMPILER_GLOBAL_ACCENT_COLOR_NAME = AccentColor;
				CODE_SIGN_STYLE = Automatic;
				CURRENT_PROJECT_VERSION = 1;
				DEVELOPMENT_ASSET_PATHS = "\"OwnExpenses/Preview Content\"";
				DEVELOPMENT_TEAM = FSGMDDB4P8;
				ENABLE_PREVIEWS = YES;
				GENERATE_INFOPLIST_FILE = YES;
				INFOPLIST_KEY_UIApplicationSceneManifest_Generation = YES;
				INFOPLIST_KEY_UIApplicationSupportsIndirectInputEvents = YES;
				INFOPLIST_KEY_UILaunchScreen_Generation = YES;
				INFOPLIST_KEY_UISupportedInterfaceOrientations_iPad = "UIInterfaceOrientationPortrait UIInterfaceOrientationPortraitUpsideDown UIInterfaceOrientationLandscapeLeft UIInterfaceOrientationLandscapeRight";
				INFOPLIST_KEY_UISupportedInterfaceOrientations_iPhone = "UIInterfaceOrientationPortrait UIInterfaceOrientationLandscapeLeft UIInterfaceOrientationLandscapeRight";
				LD_RUNPATH_SEARCH_PATHS = (
					"$(inherited)",
					"@executable_path/Frameworks",
				);
				MARKETING_VERSION = 1.0;
				PRODUCT_BUNDLE_IDENTIFIER = "com.icloud-bubiryov.OwnExpenses";
				PRODUCT_NAME = "$(TARGET_NAME)";
				SWIFT_EMIT_LOC_STRINGS = YES;
				SWIFT_VERSION = 5.0;
				TARGETED_DEVICE_FAMILY = "1,2";
			};
			name = Debug;
		};
		898F6A6F298A79180041CFA6 /* Release */ = {
			isa = XCBuildConfiguration;
			buildSettings = {
				ASSETCATALOG_COMPILER_APPICON_NAME = AppIcon;
				ASSETCATALOG_COMPILER_GLOBAL_ACCENT_COLOR_NAME = AccentColor;
				CODE_SIGN_STYLE = Automatic;
				CURRENT_PROJECT_VERSION = 1;
				DEVELOPMENT_ASSET_PATHS = "\"OwnExpenses/Preview Content\"";
				DEVELOPMENT_TEAM = FSGMDDB4P8;
				ENABLE_PREVIEWS = YES;
				GENERATE_INFOPLIST_FILE = YES;
				INFOPLIST_KEY_UIApplicationSceneManifest_Generation = YES;
				INFOPLIST_KEY_UIApplicationSupportsIndirectInputEvents = YES;
				INFOPLIST_KEY_UILaunchScreen_Generation = YES;
				INFOPLIST_KEY_UISupportedInterfaceOrientations_iPad = "UIInterfaceOrientationPortrait UIInterfaceOrientationPortraitUpsideDown UIInterfaceOrientationLandscapeLeft UIInterfaceOrientationLandscapeRight";
				INFOPLIST_KEY_UISupportedInterfaceOrientations_iPhone = "UIInterfaceOrientationPortrait UIInterfaceOrientationLandscapeLeft UIInterfaceOrientationLandscapeRight";
				LD_RUNPATH_SEARCH_PATHS = (
					"$(inherited)",
					"@executable_path/Frameworks",
				);
				MARKETING_VERSION = 1.0;
				PRODUCT_BUNDLE_IDENTIFIER = "com.icloud-bubiryov.OwnExpenses";
				PRODUCT_NAME = "$(TARGET_NAME)";
				SWIFT_EMIT_LOC_STRINGS = YES;
				SWIFT_VERSION = 5.0;
				TARGETED_DEVICE_FAMILY = "1,2";
			};
			name = Release;
		};
/* End XCBuildConfiguration section */

/* Begin XCConfigurationList section */
		898F6A5A298A79160041CFA6 /* Build configuration list for PBXProject "OwnExpenses" */ = {
			isa = XCConfigurationList;
			buildConfigurations = (
				898F6A6B298A79180041CFA6 /* Debug */,
				898F6A6C298A79180041CFA6 /* Release */,
			);
			defaultConfigurationIsVisible = 0;
			defaultConfigurationName = Release;
		};
		898F6A6D298A79180041CFA6 /* Build configuration list for PBXNativeTarget "OwnExpenses" */ = {
			isa = XCConfigurationList;
			buildConfigurations = (
				898F6A6E298A79180041CFA6 /* Debug */,
				898F6A6F298A79180041CFA6 /* Release */,
			);
			defaultConfigurationIsVisible = 0;
			defaultConfigurationName = Release;
		};
/* End XCConfigurationList section */

/* Begin XCRemoteSwiftPackageReference section */
		891B77B529941F390053864F /* XCRemoteSwiftPackageReference "ChartView" */ = {
			isa = XCRemoteSwiftPackageReference;
			repositoryURL = "https://github.com/AppPear/ChartView";
			requirement = {
				kind = exactVersion;
				version = "2.0.0-beta.2";
			};
		};
		897D48B1298E6AE40095547B /* XCRemoteSwiftPackageReference "swift-collections" */ = {
			isa = XCRemoteSwiftPackageReference;
			repositoryURL = "https://github.com/apple/swift-collections.git";
			requirement = {
				kind = upToNextMajorVersion;
				minimumVersion = 1.0.4;
			};
		};
		898F6A73298A7AA90041CFA6 /* XCRemoteSwiftPackageReference "SwiftUIFontIcon" */ = {
			isa = XCRemoteSwiftPackageReference;
			repositoryURL = "https://github.com/huybuidac/SwiftUIFontIcon";
			requirement = {
				branch = master;
				kind = branch;
			};
		};
/* End XCRemoteSwiftPackageReference section */

/* Begin XCSwiftPackageProductDependency section */
		891B77B629941F390053864F /* SwiftUICharts */ = {
			isa = XCSwiftPackageProductDependency;
			package = 891B77B529941F390053864F /* XCRemoteSwiftPackageReference "ChartView" */;
			productName = SwiftUICharts;
		};
		897D48B2298E6AE40095547B /* Collections */ = {
			isa = XCSwiftPackageProductDependency;
			package = 897D48B1298E6AE40095547B /* XCRemoteSwiftPackageReference "swift-collections" */;
			productName = Collections;
		};
		898F6A74298A7AA90041CFA6 /* SwiftUIFontIcon */ = {
			isa = XCSwiftPackageProductDependency;
			package = 898F6A73298A7AA90041CFA6 /* XCRemoteSwiftPackageReference "SwiftUIFontIcon" */;
			productName = SwiftUIFontIcon;
		};
/* End XCSwiftPackageProductDependency section */
	};
	rootObject = 898F6A57298A79160041CFA6 /* Project object */;
}
